
Microsoft Visual Studio Solution File, Format Version 12.00
# Visual Studio 14
VisualStudioVersion = 14.0.23107.0
MinimumVisualStudioVersion = 10.0.40219.1
Project("{FAE04EC0-301F-11D3-BF4B-00C04F79EFBC}") = "GroceryList", "GroceryList\GroceryList.csproj", "{1B8CECAE-D81F-4F52-8488-6DDCBD8B13C2}"
EndProject
Project("{FAE04EC0-301F-11D3-BF4B-00C04F79EFBC}") = "GroceryList.Tests", "GroceryList.Tests\GroceryList.Tests.csproj", "{90048060-C733-4A61-816D-403401DFFBDB}"
EndProject
Global
	GlobalSection(SolutionConfigurationPlatforms) = preSolution
		Debug|Any CPU = Debug|Any CPU
		Release|Any CPU = Release|Any CPU
	EndGlobalSection
	GlobalSection(ProjectConfigurationPlatforms) = postSolution
		{1B8CECAE-D81F-4F52-8488-6DDCBD8B13C2}.Debug|Any CPU.ActiveCfg = Debug|Any CPU
		{1B8CECAE-D81F-4F52-8488-6DDCBD8B13C2}.Debug|Any CPU.Build.0 = Debug|Any CPU
		{1B8CECAE-D81F-4F52-8488-6DDCBD8B13C2}.Release|Any CPU.ActiveCfg = Release|Any CPU
		{1B8CECAE-D81F-4F52-8488-6DDCBD8B13C2}.Release|Any CPU.Build.0 = Release|Any CPU
		{90048060-C733-4A61-816D-403401DFFBDB}.Debug|Any CPU.ActiveCfg = Debug|Any CPU
		{90048060-C733-4A61-816D-403401DFFBDB}.Debug|Any CPU.Build.0 = Debug|Any CPU
		{90048060-C733-4A61-816D-403401DFFBDB}.Release|Any CPU.ActiveCfg = Release|Any CPU
		{90048060-C733-4A61-816D-403401DFFBDB}.Release|Any CPU.Build.0 = Release|Any CPU
	EndGlobalSection
	GlobalSection(SolutionProperties) = preSolution
		HideSolutionNode = FALSE
	EndGlobalSection
EndGlobal
